{
  "name": "5.4",
  "lockfileVersion": 3,
  "requires": true,
  "packages": {
    "": {
      "dependencies": {
        "types-registry": "^0.1.751"
      }
    },
    "node_modules/types-registry": {
      "version": "0.1.751",
      "resolved": "https://registry.npmjs.org/types-registry/-/types-registry-0.1.751.tgz",
      "integrity": "sha512-1s5X7An9hbHi9D7WtmHBeZjTs66f0uRNWKhVYzMyUgQfzgp/xouuj7+dnK56pFPiqpBa+UrrGw/n1tuUll04kw==",
      "license": "MIT"
    }
  }
}
